
Microsoft Visual Studio Solution File, Format Version 12.00
# Visual Studio Version 17
VisualStudioVersion = 17.2.32526.322
MinimumVisualStudioVersion = 10.0.40219.1
Project("{9A19103F-16F7-4668-BE54-9A1E7A4F7556}") = "sp API", "sp API\sp API.csproj", "{AD5725E1-D4D8-4DE9-9022-E13A7414AEC0}"
EndProject
Project("{2150E333-8FDC-42A3-9474-1A3956D46DE8}") = "Solution Items", "Solution Items", "{AF817E68-35DB-479C-A45F-3AFE52342A72}"
EndProject
Global
	GlobalSection(SolutionConfigurationPlatforms) = preSolution
		Debug|Any CPU = Debug|Any CPU
		Release|Any CPU = Release|Any CPU
	EndGlobalSection
	GlobalSection(ProjectConfigurationPlatforms) = postSolution
		{AD5725E1-D4D8-4DE9-9022-E13A7414AEC0}.Debug|Any CPU.ActiveCfg = Debug|Any CPU
		{AD5725E1-D4D8-4DE9-9022-E13A7414AEC0}.Debug|Any CPU.Build.0 = Debug|Any CPU
		{AD5725E1-D4D8-4DE9-9022-E13A7414AEC0}.Release|Any CPU.ActiveCfg = Release|Any CPU
		{AD5725E1-D4D8-4DE9-9022-E13A7414AEC0}.Release|Any CPU.Build.0 = Release|Any CPU
	EndGlobalSection
	GlobalSection(SolutionProperties) = preSolution
		HideSolutionNode = FALSE
	EndGlobalSection
	GlobalSection(ExtensibilityGlobals) = postSolution
		SolutionGuid = {5332696F-A5B3-45A3-9100-6BFF59453CF8}
	EndGlobalSection
EndGlobal
